
Microsoft Visual Studio Solution File, Format Version 12.00
# Visual Studio Version 16
VisualStudioVersion = 16.0.32413.511
MinimumVisualStudioVersion = 10.0.40219.1
Project("{8BC9CEB8-8B4A-11D0-8D11-00A0C91BC942}") = "ShibaEngine", "ShibaEngine.vcxproj", "{DAA315FE-4BA4-45E9-B252-19C67732170C}"
EndProject
Project("{9A19103F-16F7-4668-BE54-9A1E7A4F7556}") = "ShibaEngineCore", "..\ShibaEngineCore\ShibaEngineCore.csproj", "{E978B380-E497-4E49-B625-C2F7B90C9093}"
EndProject
Project("{54435603-DBB4-11D2-8724-00A0C9A8B90C}") = "ShibaEngineInstaller", "..\ShibaEngineInstaller\ShibaEngineInstaller.vdproj", "{65D78366-82E9-4AD2-ADF1-93439DB635AF}"
EndProject
Project("{8BC9CEB8-8B4A-11D0-8D11-00A0C91BC942}") = "ShibaEngineRuntime", "..\ShibaEngineRuntime\ShibaEngineRuntime.vcxproj", "{6812EE55-4DBA-4A26-8171-98806DBCD9ED}"
EndProject
Global
	GlobalSection(SolutionConfigurationPlatforms) = preSolution
		Debug|Any CPU = Debug|Any CPU
		Debug|Win32 = Debug|Win32
		Debug|x64 = Debug|x64
		Debug|x86 = Debug|x86
		Release|Any CPU = Release|Any CPU
		Release|Win32 = Release|Win32
		Release|x64 = Release|x64
		Release|x86 = Release|x86
	EndGlobalSection
	GlobalSection(ProjectConfigurationPlatforms) = postSolution
		{DAA315FE-4BA4-45E9-B252-19C67732170C}.Debug|Any CPU.ActiveCfg = Debug|x64
		{DAA315FE-4BA4-45E9-B252-19C67732170C}.Debug|Any CPU.Build.0 = Debug|x64
		{DAA315FE-4BA4-45E9-B252-19C67732170C}.Debug|Win32.ActiveCfg = Debug|Win32
		{DAA315FE-4BA4-45E9-B252-19C67732170C}.Debug|Win32.Build.0 = Debug|Win32
		{DAA315FE-4BA4-45E9-B252-19C67732170C}.Debug|x64.ActiveCfg = Debug|x64
		{DAA315FE-4BA4-45E9-B252-19C67732170C}.Debug|x64.Build.0 = Debug|x64
		{DAA315FE-4BA4-45E9-B252-19C67732170C}.Debug|x86.ActiveCfg = Debug|Win32
		{DAA315FE-4BA4-45E9-B252-19C67732170C}.Debug|x86.Build.0 = Debug|Win32
		{DAA315FE-4BA4-45E9-B252-19C67732170C}.Release|Any CPU.ActiveCfg = Release|x64
		{DAA315FE-4BA4-45E9-B252-19C67732170C}.Release|Any CPU.Build.0 = Release|x64
		{DAA315FE-4BA4-45E9-B252-19C67732170C}.Release|Win32.ActiveCfg = Debug|Win32
		{DAA315FE-4BA4-45E9-B252-19C67732170C}.Release|Win32.Build.0 = Debug|Win32
		{DAA315FE-4BA4-45E9-B252-19C67732170C}.Release|x64.ActiveCfg = Release|x64
		{DAA315FE-4BA4-45E9-B252-19C67732170C}.Release|x64.Build.0 = Release|x64
		{DAA315FE-4BA4-45E9-B252-19C67732170C}.Release|x86.ActiveCfg = Release|Win32
		{DAA315FE-4BA4-45E9-B252-19C67732170C}.Release|x86.Build.0 = Release|Win32
		{E978B380-E497-4E49-B625-C2F7B90C9093}.Debug|Any CPU.ActiveCfg = Debug|Any CPU
		{E978B380-E497-4E49-B625-C2F7B90C9093}.Debug|Any CPU.Build.0 = Debug|Any CPU
		{E978B380-E497-4E49-B625-C2F7B90C9093}.Debug|Win32.ActiveCfg = Debug|Any CPU
		{E978B380-E497-4E49-B625-C2F7B90C9093}.Debug|Win32.Build.0 = Debug|Any CPU
		{E978B380-E497-4E49-B625-C2F7B90C9093}.Debug|x64.ActiveCfg = Debug|Any CPU
		{E978B380-E497-4E49-B625-C2F7B90C9093}.Debug|x64.Build.0 = Debug|Any CPU
		{E978B380-E497-4E49-B625-C2F7B90C9093}.Debug|x86.ActiveCfg = Debug|Any CPU
		{E978B380-E497-4E49-B625-C2F7B90C9093}.Debug|x86.Build.0 = Debug|Any CPU
		{E978B380-E497-4E49-B625-C2F7B90C9093}.Release|Any CPU.ActiveCfg = Release|Any CPU
		{E978B380-E497-4E49-B625-C2F7B90C9093}.Release|Any CPU.Build.0 = Release|Any CPU
		{E978B380-E497-4E49-B625-C2F7B90C9093}.Release|Win32.ActiveCfg = Debug|Any CPU
		{E978B380-E497-4E49-B625-C2F7B90C9093}.Release|Win32.Build.0 = Debug|Any CPU
		{E978B380-E497-4E49-B625-C2F7B90C9093}.Release|x64.ActiveCfg = Release|Any CPU
		{E978B380-E497-4E49-B625-C2F7B90C9093}.Release|x64.Build.0 = Release|Any CPU
		{E978B380-E497-4E49-B625-C2F7B90C9093}.Release|x86.ActiveCfg = Release|Any CPU
		{E978B380-E497-4E49-B625-C2F7B90C9093}.Release|x86.Build.0 = Release|Any CPU
		{65D78366-82E9-4AD2-ADF1-93439DB635AF}.Debug|Any CPU.ActiveCfg = Debug
		{65D78366-82E9-4AD2-ADF1-93439DB635AF}.Debug|Any CPU.Build.0 = Debug
		{65D78366-82E9-4AD2-ADF1-93439DB635AF}.Debug|Win32.ActiveCfg = Debug
		{65D78366-82E9-4AD2-ADF1-93439DB635AF}.Debug|Win32.Build.0 = Debug
		{65D78366-82E9-4AD2-ADF1-93439DB635AF}.Debug|x64.ActiveCfg = Debug
		{65D78366-82E9-4AD2-ADF1-93439DB635AF}.Debug|x64.Build.0 = Debug
		{65D78366-82E9-4AD2-ADF1-93439DB635AF}.Debug|x86.ActiveCfg = Debug
		{65D78366-82E9-4AD2-ADF1-93439DB635AF}.Debug|x86.Build.0 = Debug
		{65D78366-82E9-4AD2-ADF1-93439DB635AF}.Release|Any CPU.ActiveCfg = Release
		{65D78366-82E9-4AD2-ADF1-93439DB635AF}.Release|Any CPU.Build.0 = Release
		{65D78366-82E9-4AD2-ADF1-93439DB635AF}.Release|Win32.ActiveCfg = Release
		{65D78366-82E9-4AD2-ADF1-93439DB635AF}.Release|Win32.Build.0 = Release
		{65D78366-82E9-4AD2-ADF1-93439DB635AF}.Release|x64.ActiveCfg = Release
		{65D78366-82E9-4AD2-ADF1-93439DB635AF}.Release|x64.Build.0 = Release
		{65D78366-82E9-4AD2-ADF1-93439DB635AF}.Release|x86.ActiveCfg = Release
		{65D78366-82E9-4AD2-ADF1-93439DB635AF}.Release|x86.Build.0 = Release
		{6812EE55-4DBA-4A26-8171-98806DBCD9ED}.Debug|Any CPU.ActiveCfg = Debug|Win32
		{6812EE55-4DBA-4A26-8171-98806DBCD9ED}.Debug|Win32.ActiveCfg = Debug|Win32
		{6812EE55-4DBA-4A26-8171-98806DBCD9ED}.Debug|Win32.Build.0 = Debug|Win32
		{6812EE55-4DBA-4A26-8171-98806DBCD9ED}.Debug|x64.ActiveCfg = Debug|x64
		{6812EE55-4DBA-4A26-8171-98806DBCD9ED}.Debug|x64.Build.0 = Debug|x64
		{6812EE55-4DBA-4A26-8171-98806DBCD9ED}.Debug|x86.ActiveCfg = Debug|Win32
		{6812EE55-4DBA-4A26-8171-98806DBCD9ED}.Debug|x86.Build.0 = Debug|Win32
		{6812EE55-4DBA-4A26-8171-98806DBCD9ED}.Release|Any CPU.ActiveCfg = Release|Win32
		{6812EE55-4DBA-4A26-8171-98806DBCD9ED}.Release|Win32.ActiveCfg = Release|Win32
		{6812EE55-4DBA-4A26-8171-98806DBCD9ED}.Release|Win32.Build.0 = Release|Win32
		{6812EE55-4DBA-4A26-8171-98806DBCD9ED}.Release|x64.ActiveCfg = Release|x64
		{6812EE55-4DBA-4A26-8171-98806DBCD9ED}.Release|x64.Build.0 = Release|x64
		{6812EE55-4DBA-4A26-8171-98806DBCD9ED}.Release|x86.ActiveCfg = Release|Win32
		{6812EE55-4DBA-4A26-8171-98806DBCD9ED}.Release|x86.Build.0 = Release|Win32
	EndGlobalSection
	GlobalSection(SolutionProperties) = preSolution
		HideSolutionNode = FALSE
	EndGlobalSection
	GlobalSection(ExtensibilityGlobals) = postSolution
		SolutionGuid = {BEB64F3E-3C7C-42A8-A838-FDBF618C81F8}
	EndGlobalSection
EndGlobal
